
Microsoft Visual Studio Solution File, Format Version 12.00
# Visual Studio Version 17
VisualStudioVersion = 17.2.32630.192
MinimumVisualStudioVersion = 10.0.40219.1
Project("{FAE04EC0-301F-11D3-BF4B-00C04F79EFBC}") = "CommonWordsChecker", "CommonWordsChecker\CommonWordsChecker.csproj", "{03BEF266-5BD9-4AEB-970B-F12787DD396A}"
EndProject
Project("{FAE04EC0-301F-11D3-BF4B-00C04F79EFBC}") = "DesktopApp_CommonWordsChecker", "DesktopApp_CommonWordsChecker\DesktopApp_CommonWordsChecker.csproj", "{58AC23A8-A799-4FCC-9158-224CD9CA83F3}"
EndProject
Global
	GlobalSection(SolutionConfigurationPlatforms) = preSolution
		Debug|Any CPU = Debug|Any CPU
		Release|Any CPU = Release|Any CPU
	EndGlobalSection
	GlobalSection(ProjectConfigurationPlatforms) = postSolution
		{03BEF266-5BD9-4AEB-970B-F12787DD396A}.Debug|Any CPU.ActiveCfg = Debug|Any CPU
		{03BEF266-5BD9-4AEB-970B-F12787DD396A}.Debug|Any CPU.Build.0 = Debug|Any CPU
		{03BEF266-5BD9-4AEB-970B-F12787DD396A}.Release|Any CPU.ActiveCfg = Release|Any CPU
		{03BEF266-5BD9-4AEB-970B-F12787DD396A}.Release|Any CPU.Build.0 = Release|Any CPU
		{58AC23A8-A799-4FCC-9158-224CD9CA83F3}.Debug|Any CPU.ActiveCfg = Debug|Any CPU
		{58AC23A8-A799-4FCC-9158-224CD9CA83F3}.Debug|Any CPU.Build.0 = Debug|Any CPU
		{58AC23A8-A799-4FCC-9158-224CD9CA83F3}.Release|Any CPU.ActiveCfg = Release|Any CPU
		{58AC23A8-A799-4FCC-9158-224CD9CA83F3}.Release|Any CPU.Build.0 = Release|Any CPU
	EndGlobalSection
	GlobalSection(SolutionProperties) = preSolution
		HideSolutionNode = FALSE
	EndGlobalSection
	GlobalSection(ExtensibilityGlobals) = postSolution
		SolutionGuid = {1A665ABA-E0E6-4ECD-A674-98618864B029}
	EndGlobalSection
EndGlobal
