
Microsoft Visual Studio Solution File, Format Version 12.00
# Visual Studio Version 17
VisualStudioVersion = 17.2.32630.192
MinimumVisualStudioVersion = 10.0.40219.1
Project("{9A19103F-16F7-4668-BE54-9A1E7A4F7556}") = "DesktopAppCommonWords", "DesktopAppCommonWords\DesktopAppCommonWords.csproj", "{6ACA554A-D781-465F-ACC8-266214238848}"
EndProject
Project("{54435603-DBB4-11D2-8724-00A0C9A8B90C}") = "SetupCommonWords", "SetupCommonWords\SetupCommonWords.vdproj", "{1A623C17-F8F2-45BE-89F6-8BAB1E34E2D1}"
EndProject
Global
	GlobalSection(SolutionConfigurationPlatforms) = preSolution
		Debug|Any CPU = Debug|Any CPU
		Release|Any CPU = Release|Any CPU
	EndGlobalSection
	GlobalSection(ProjectConfigurationPlatforms) = postSolution
		{6ACA554A-D781-465F-ACC8-266214238848}.Debug|Any CPU.ActiveCfg = Debug|Any CPU
		{6ACA554A-D781-465F-ACC8-266214238848}.Debug|Any CPU.Build.0 = Debug|Any CPU
		{6ACA554A-D781-465F-ACC8-266214238848}.Release|Any CPU.ActiveCfg = Release|Any CPU
		{6ACA554A-D781-465F-ACC8-266214238848}.Release|Any CPU.Build.0 = Release|Any CPU
		{1A623C17-F8F2-45BE-89F6-8BAB1E34E2D1}.Debug|Any CPU.ActiveCfg = Debug
		{1A623C17-F8F2-45BE-89F6-8BAB1E34E2D1}.Release|Any CPU.ActiveCfg = Release
	EndGlobalSection
	GlobalSection(SolutionProperties) = preSolution
		HideSolutionNode = FALSE
	EndGlobalSection
	GlobalSection(ExtensibilityGlobals) = postSolution
		SolutionGuid = {1A665ABA-E0E6-4ECD-A674-98618864B029}
	EndGlobalSection
EndGlobal
